
Microsoft Visual Studio Solution File, Format Version 12.00
# Visual Studio Version 17
VisualStudioVersion = 17.13.35931.197 d17.13
MinimumVisualStudioVersion = 10.0.40219.1
Project("{FAE04EC0-301F-11D3-BF4B-00C04F79EFBC}") = "chatbot-agentic", "chatbot-agentic.csproj", "{E8917E21-885C-21E9-5015-45DBDEEBB16E}"
EndProject
Global
	GlobalSection(SolutionConfigurationPlatforms) = preSolution
		Debug|Any CPU = Debug|Any CPU
		Release|Any CPU = Release|Any CPU
	EndGlobalSection
	GlobalSection(ProjectConfigurationPlatforms) = postSolution
		{E8917E21-885C-21E9-5015-45DBDEEBB16E}.Debug|Any CPU.ActiveCfg = Debug|Any CPU
		{E8917E21-885C-21E9-5015-45DBDEEBB16E}.Debug|Any CPU.Build.0 = Debug|Any CPU
		{E8917E21-885C-21E9-5015-45DBDEEBB16E}.Release|Any CPU.ActiveCfg = Release|Any CPU
		{E8917E21-885C-21E9-5015-45DBDEEBB16E}.Release|Any CPU.Build.0 = Release|Any CPU
	EndGlobalSection
	GlobalSection(SolutionProperties) = preSolution
		HideSolutionNode = FALSE
	EndGlobalSection
	GlobalSection(ExtensibilityGlobals) = postSolution
		SolutionGuid = {2473C78F-23EB-483C-9F74-B011EF59E498}
	EndGlobalSection
EndGlobal
